
Microsoft Visual Studio Solution File, Format Version 12.00
# Visual Studio Version 17
VisualStudioVersion = 17.3.32901.215
MinimumVisualStudioVersion = 10.0.40219.1
Project("{8BC9CEB8-8B4A-11D0-8D11-00A0C91BC942}") = "KoreaC", "KoreaC\KoreaC.vcxproj", "{002C67D4-1134-4343-8072-7C229C2EB058}"
EndProject
Project("{8BC9CEB8-8B4A-11D0-8D11-00A0C91BC942}") = "KoreaC1", "KoreaC1\KoreaC1.vcxproj", "{A670705B-D9AF-4E45-ADD8-3A9278CE0FA4}"
EndProject
Project("{8BC9CEB8-8B4A-11D0-8D11-00A0C91BC942}") = "KoreaC221001", "KoreaC221001\KoreaC221001.vcxproj", "{D1CE2E23-90E3-44AE-A565-101CFC12DF0B}"
EndProject
Project("{8BC9CEB8-8B4A-11D0-8D11-00A0C91BC942}") = "KoreaC221002", "KoreaC221002\KoreaC221002.vcxproj", "{DD3B7665-8969-45B7-A282-8613B0093C3E}"
EndProject
Project("{8BC9CEB8-8B4A-11D0-8D11-00A0C91BC942}") = "KoreaC221016", "KoreaC221016\KoreaC221016.vcxproj", "{1B556916-0EB3-4811-B583-11A9A710145C}"
EndProject
Global
	GlobalSection(SolutionConfigurationPlatforms) = preSolution
		Debug|x64 = Debug|x64
		Debug|x86 = Debug|x86
		Release|x64 = Release|x64
		Release|x86 = Release|x86
	EndGlobalSection
	GlobalSection(ProjectConfigurationPlatforms) = postSolution
		{002C67D4-1134-4343-8072-7C229C2EB058}.Debug|x64.ActiveCfg = Debug|x64
		{002C67D4-1134-4343-8072-7C229C2EB058}.Debug|x64.Build.0 = Debug|x64
		{002C67D4-1134-4343-8072-7C229C2EB058}.Debug|x86.ActiveCfg = Debug|Win32
		{002C67D4-1134-4343-8072-7C229C2EB058}.Debug|x86.Build.0 = Debug|Win32
		{002C67D4-1134-4343-8072-7C229C2EB058}.Release|x64.ActiveCfg = Release|x64
		{002C67D4-1134-4343-8072-7C229C2EB058}.Release|x64.Build.0 = Release|x64
		{002C67D4-1134-4343-8072-7C229C2EB058}.Release|x86.ActiveCfg = Release|Win32
		{002C67D4-1134-4343-8072-7C229C2EB058}.Release|x86.Build.0 = Release|Win32
		{A670705B-D9AF-4E45-ADD8-3A9278CE0FA4}.Debug|x64.ActiveCfg = Debug|x64
		{A670705B-D9AF-4E45-ADD8-3A9278CE0FA4}.Debug|x64.Build.0 = Debug|x64
		{A670705B-D9AF-4E45-ADD8-3A9278CE0FA4}.Debug|x86.ActiveCfg = Debug|Win32
		{A670705B-D9AF-4E45-ADD8-3A9278CE0FA4}.Debug|x86.Build.0 = Debug|Win32
		{A670705B-D9AF-4E45-ADD8-3A9278CE0FA4}.Release|x64.ActiveCfg = Release|x64
		{A670705B-D9AF-4E45-ADD8-3A9278CE0FA4}.Release|x64.Build.0 = Release|x64
		{A670705B-D9AF-4E45-ADD8-3A9278CE0FA4}.Release|x86.ActiveCfg = Release|Win32
		{A670705B-D9AF-4E45-ADD8-3A9278CE0FA4}.Release|x86.Build.0 = Release|Win32
		{D1CE2E23-90E3-44AE-A565-101CFC12DF0B}.Debug|x64.ActiveCfg = Debug|x64
		{D1CE2E23-90E3-44AE-A565-101CFC12DF0B}.Debug|x64.Build.0 = Debug|x64
		{D1CE2E23-90E3-44AE-A565-101CFC12DF0B}.Debug|x86.ActiveCfg = Debug|Win32
		{D1CE2E23-90E3-44AE-A565-101CFC12DF0B}.Debug|x86.Build.0 = Debug|Win32
		{D1CE2E23-90E3-44AE-A565-101CFC12DF0B}.Release|x64.ActiveCfg = Release|x64
		{D1CE2E23-90E3-44AE-A565-101CFC12DF0B}.Release|x64.Build.0 = Release|x64
		{D1CE2E23-90E3-44AE-A565-101CFC12DF0B}.Release|x86.ActiveCfg = Release|Win32
		{D1CE2E23-90E3-44AE-A565-101CFC12DF0B}.Release|x86.Build.0 = Release|Win32
		{DD3B7665-8969-45B7-A282-8613B0093C3E}.Debug|x64.ActiveCfg = Debug|x64
		{DD3B7665-8969-45B7-A282-8613B0093C3E}.Debug|x64.Build.0 = Debug|x64
		{DD3B7665-8969-45B7-A282-8613B0093C3E}.Debug|x86.ActiveCfg = Debug|Win32
		{DD3B7665-8969-45B7-A282-8613B0093C3E}.Debug|x86.Build.0 = Debug|Win32
		{DD3B7665-8969-45B7-A282-8613B0093C3E}.Release|x64.ActiveCfg = Release|x64
		{DD3B7665-8969-45B7-A282-8613B0093C3E}.Release|x64.Build.0 = Release|x64
		{DD3B7665-8969-45B7-A282-8613B0093C3E}.Release|x86.ActiveCfg = Release|Win32
		{DD3B7665-8969-45B7-A282-8613B0093C3E}.Release|x86.Build.0 = Release|Win32
		{1B556916-0EB3-4811-B583-11A9A710145C}.Debug|x64.ActiveCfg = Debug|x64
		{1B556916-0EB3-4811-B583-11A9A710145C}.Debug|x64.Build.0 = Debug|x64
		{1B556916-0EB3-4811-B583-11A9A710145C}.Debug|x86.ActiveCfg = Debug|Win32
		{1B556916-0EB3-4811-B583-11A9A710145C}.Debug|x86.Build.0 = Debug|Win32
		{1B556916-0EB3-4811-B583-11A9A710145C}.Release|x64.ActiveCfg = Release|x64
		{1B556916-0EB3-4811-B583-11A9A710145C}.Release|x64.Build.0 = Release|x64
		{1B556916-0EB3-4811-B583-11A9A710145C}.Release|x86.ActiveCfg = Release|Win32
		{1B556916-0EB3-4811-B583-11A9A710145C}.Release|x86.Build.0 = Release|Win32
	EndGlobalSection
	GlobalSection(SolutionProperties) = preSolution
		HideSolutionNode = FALSE
	EndGlobalSection
	GlobalSection(ExtensibilityGlobals) = postSolution
		SolutionGuid = {DCA2AAA7-9351-4E07-B3D4-4698CE091A77}
	EndGlobalSection
EndGlobal
